
Microsoft Visual Studio Solution File, Format Version 12.00
# Visual Studio 15
VisualStudioVersion = 15.0.28307.102
MinimumVisualStudioVersion = 10.0.40219.1
Project("{FAE04EC0-301F-11D3-BF4B-00C04F79EFBC}") = "VirtualServersViewer", "VirtualServersViewer\VirtualServersViewer.csproj", "{C7D27D60-57B4-4053-97F2-A53ABF9F7130}"
EndProject
Global
	GlobalSection(SolutionConfigurationPlatforms) = preSolution
		Debug|Any CPU = Debug|Any CPU
		Release|Any CPU = Release|Any CPU
	EndGlobalSection
	GlobalSection(ProjectConfigurationPlatforms) = postSolution
		{C7D27D60-57B4-4053-97F2-A53ABF9F7130}.Debug|Any CPU.ActiveCfg = Debug|Any CPU
		{C7D27D60-57B4-4053-97F2-A53ABF9F7130}.Debug|Any CPU.Build.0 = Debug|Any CPU
		{C7D27D60-57B4-4053-97F2-A53ABF9F7130}.Release|Any CPU.ActiveCfg = Release|Any CPU
		{C7D27D60-57B4-4053-97F2-A53ABF9F7130}.Release|Any CPU.Build.0 = Release|Any CPU
	EndGlobalSection
	GlobalSection(SolutionProperties) = preSolution
		HideSolutionNode = FALSE
	EndGlobalSection
	GlobalSection(ExtensibilityGlobals) = postSolution
		SolutionGuid = {A027741E-1176-45EC-9D96-3ECF8BD2D28A}
	EndGlobalSection
EndGlobal
